<?xml version="1.0" encoding="UTF-8" standalone="yes" ?>
<CodeBlocks_project_file>
	<FileVersion major="1" minor="6" />
	<Project>
		<Option title="IrrlichtTuto" />
		<Option pch_mode="2" />
		<Option compiler="gcc" />
		<Build>
			<Target title="Debug">
				<Option output="bin/Debug/IrrlichtTuto" prefix_auto="1" extension_auto="1" />
				<Option object_output="obj/Debug/" />
				<Option type="1" />
				<Option compiler="gcc" />
				<Compiler>
					<Add option="-g" />
				</Compiler>
			</Target>
			<Target title="Release">
				<Option output="bin/Release/IrrlichtTuto" prefix_auto="1" extension_auto="1" />
				<Option object_output="obj/Release/" />
				<Option type="1" />
				<Option compiler="gcc" />
				<Compiler>
					<Add option="-O2" />
				</Compiler>
				<Linker>
					<Add option="-s" />
				</Linker>
			</Target>
		</Build>
		<Compiler>
			<Add option="-Wall" />
			<Add option="-fexceptions" />
		</Compiler>
		<Unit filename="include/Input.h" />
		<Unit filename="include/Irrlicht/CDynamicMeshBuffer.h" />
		<Unit filename="include/Irrlicht/CIndexBuffer.h" />
		<Unit filename="include/Irrlicht/CMeshBuffer.h" />
		<Unit filename="include/Irrlicht/CVertexBuffer.h" />
		<Unit filename="include/Irrlicht/EAttributes.h" />
		<Unit filename="include/Irrlicht/ECullingTypes.h" />
		<Unit filename="include/Irrlicht/EDebugSceneTypes.h" />
		<Unit filename="include/Irrlicht/EDeviceTypes.h" />
		<Unit filename="include/Irrlicht/EDriverFeatures.h" />
		<Unit filename="include/Irrlicht/EDriverTypes.h" />
		<Unit filename="include/Irrlicht/EGUIAlignment.h" />
		<Unit filename="include/Irrlicht/EGUIElementTypes.h" />
		<Unit filename="include/Irrlicht/EHardwareBufferFlags.h" />
		<Unit filename="include/Irrlicht/EMaterialFlags.h" />
		<Unit filename="include/Irrlicht/EMaterialTypes.h" />
		<Unit filename="include/Irrlicht/EMeshWriterEnums.h" />
		<Unit filename="include/Irrlicht/EMessageBoxFlags.h" />
		<Unit filename="include/Irrlicht/EPrimitiveTypes.h" />
		<Unit filename="include/Irrlicht/ESceneNodeAnimatorTypes.h" />
		<Unit filename="include/Irrlicht/ESceneNodeTypes.h" />
		<Unit filename="include/Irrlicht/EShaderTypes.h" />
		<Unit filename="include/Irrlicht/ETerrainElements.h" />
		<Unit filename="include/Irrlicht/IAnimatedMesh.h" />
		<Unit filename="include/Irrlicht/IAnimatedMeshMD2.h" />
		<Unit filename="include/Irrlicht/IAnimatedMeshMD3.h" />
		<Unit filename="include/Irrlicht/IAnimatedMeshSceneNode.h" />
		<Unit filename="include/Irrlicht/IAttributeExchangingObject.h" />
		<Unit filename="include/Irrlicht/IAttributes.h" />
		<Unit filename="include/Irrlicht/IBillboardSceneNode.h" />
		<Unit filename="include/Irrlicht/IBillboardTextSceneNode.h" />
		<Unit filename="include/Irrlicht/IBoneSceneNode.h" />
		<Unit filename="include/Irrlicht/ICameraSceneNode.h" />
		<Unit filename="include/Irrlicht/ICursorControl.h" />
		<Unit filename="include/Irrlicht/IDummyTransformationSceneNode.h" />
		<Unit filename="include/Irrlicht/IDynamicMeshBuffer.h" />
		<Unit filename="include/Irrlicht/IEventReceiver.h" />
		<Unit filename="include/Irrlicht/IFileArchive.h" />
		<Unit filename="include/Irrlicht/IFileList.h" />
		<Unit filename="include/Irrlicht/IFileSystem.h" />
		<Unit filename="include/Irrlicht/IGPUProgrammingServices.h" />
		<Unit filename="include/Irrlicht/IGUIButton.h" />
		<Unit filename="include/Irrlicht/IGUICheckBox.h" />
		<Unit filename="include/Irrlicht/IGUIColorSelectDialog.h" />
		<Unit filename="include/Irrlicht/IGUIComboBox.h" />
		<Unit filename="include/Irrlicht/IGUIContextMenu.h" />
		<Unit filename="include/Irrlicht/IGUIEditBox.h" />
		<Unit filename="include/Irrlicht/IGUIElement.h" />
		<Unit filename="include/Irrlicht/IGUIElementFactory.h" />
		<Unit filename="include/Irrlicht/IGUIEnvironment.h" />
		<Unit filename="include/Irrlicht/IGUIFileOpenDialog.h" />
		<Unit filename="include/Irrlicht/IGUIFont.h" />
		<Unit filename="include/Irrlicht/IGUIFontBitmap.h" />
		<Unit filename="include/Irrlicht/IGUIImage.h" />
		<Unit filename="include/Irrlicht/IGUIImageList.h" />
		<Unit filename="include/Irrlicht/IGUIInOutFader.h" />
		<Unit filename="include/Irrlicht/IGUIListBox.h" />
		<Unit filename="include/Irrlicht/IGUIMeshViewer.h" />
		<Unit filename="include/Irrlicht/IGUIScrollBar.h" />
		<Unit filename="include/Irrlicht/IGUISkin.h" />
		<Unit filename="include/Irrlicht/IGUISpinBox.h" />
		<Unit filename="include/Irrlicht/IGUISpriteBank.h" />
		<Unit filename="include/Irrlicht/IGUIStaticText.h" />
		<Unit filename="include/Irrlicht/IGUITabControl.h" />
		<Unit filename="include/Irrlicht/IGUITable.h" />
		<Unit filename="include/Irrlicht/IGUIToolbar.h" />
		<Unit filename="include/Irrlicht/IGUITreeView.h" />
		<Unit filename="include/Irrlicht/IGUIWindow.h" />
		<Unit filename="include/Irrlicht/IGeometryCreator.h" />
		<Unit filename="include/Irrlicht/IImage.h" />
		<Unit filename="include/Irrlicht/IImageLoader.h" />
		<Unit filename="include/Irrlicht/IImageWriter.h" />
		<Unit filename="include/Irrlicht/IIndexBuffer.h" />
		<Unit filename="include/Irrlicht/ILightManager.h" />
		<Unit filename="include/Irrlicht/ILightSceneNode.h" />
		<Unit filename="include/Irrlicht/ILogger.h" />
		<Unit filename="include/Irrlicht/IMaterialRenderer.h" />
		<Unit filename="include/Irrlicht/IMaterialRendererServices.h" />
		<Unit filename="include/Irrlicht/IMesh.h" />
		<Unit filename="include/Irrlicht/IMeshBuffer.h" />
		<Unit filename="include/Irrlicht/IMeshCache.h" />
		<Unit filename="include/Irrlicht/IMeshLoader.h" />
		<Unit filename="include/Irrlicht/IMeshManipulator.h" />
		<Unit filename="include/Irrlicht/IMeshSceneNode.h" />
		<Unit filename="include/Irrlicht/IMeshWriter.h" />
		<Unit filename="include/Irrlicht/IMetaTriangleSelector.h" />
		<Unit filename="include/Irrlicht/IOSOperator.h" />
		<Unit filename="include/Irrlicht/IParticleAffector.h" />
		<Unit filename="include/Irrlicht/IParticleAnimatedMeshSceneNodeEmitter.h" />
		<Unit filename="include/Irrlicht/IParticleAttractionAffector.h" />
		<Unit filename="include/Irrlicht/IParticleBoxEmitter.h" />
		<Unit filename="include/Irrlicht/IParticleCylinderEmitter.h" />
		<Unit filename="include/Irrlicht/IParticleEmitter.h" />
		<Unit filename="include/Irrlicht/IParticleFadeOutAffector.h" />
		<Unit filename="include/Irrlicht/IParticleGravityAffector.h" />
		<Unit filename="include/Irrlicht/IParticleMeshEmitter.h" />
		<Unit filename="include/Irrlicht/IParticleRingEmitter.h" />
		<Unit filename="include/Irrlicht/IParticleRotationAffector.h" />
		<Unit filename="include/Irrlicht/IParticleSphereEmitter.h" />
		<Unit filename="include/Irrlicht/IParticleSystemSceneNode.h" />
		<Unit filename="include/Irrlicht/IQ3LevelMesh.h" />
		<Unit filename="include/Irrlicht/IQ3Shader.h" />
		<Unit filename="include/Irrlicht/IReadFile.h" />
		<Unit filename="include/Irrlicht/IReferenceCounted.h" />
		<Unit filename="include/Irrlicht/ISceneCollisionManager.h" />
		<Unit filename="include/Irrlicht/ISceneManager.h" />
		<Unit filename="include/Irrlicht/ISceneNode.h" />
		<Unit filename="include/Irrlicht/ISceneNodeAnimator.h" />
		<Unit filename="include/Irrlicht/ISceneNodeAnimatorCameraFPS.h" />
		<Unit filename="include/Irrlicht/ISceneNodeAnimatorCameraMaya.h" />
		<Unit filename="include/Irrlicht/ISceneNodeAnimatorCollisionResponse.h" />
		<Unit filename="include/Irrlicht/ISceneNodeAnimatorFactory.h" />
		<Unit filename="include/Irrlicht/ISceneNodeFactory.h" />
		<Unit filename="include/Irrlicht/ISceneUserDataSerializer.h" />
		<Unit filename="include/Irrlicht/IShaderConstantSetCallBack.h" />
		<Unit filename="include/Irrlicht/IShadowVolumeSceneNode.h" />
		<Unit filename="include/Irrlicht/ISkinnedMesh.h" />
		<Unit filename="include/Irrlicht/ITerrainSceneNode.h" />
		<Unit filename="include/Irrlicht/ITextSceneNode.h" />
		<Unit filename="include/Irrlicht/ITexture.h" />
		<Unit filename="include/Irrlicht/ITimer.h" />
		<Unit filename="include/Irrlicht/ITriangleSelector.h" />
		<Unit filename="include/Irrlicht/IVertexBuffer.h" />
		<Unit filename="include/Irrlicht/IVideoDriver.h" />
		<Unit filename="include/Irrlicht/IVideoModeList.h" />
		<Unit filename="include/Irrlicht/IVolumeLightSceneNode.h" />
		<Unit filename="include/Irrlicht/IWriteFile.h" />
		<Unit filename="include/Irrlicht/IXMLReader.h" />
		<Unit filename="include/Irrlicht/IXMLWriter.h" />
		<Unit filename="include/Irrlicht/IrrCompileConfig.h" />
		<Unit filename="include/Irrlicht/IrrlichtDevice.h" />
		<Unit filename="include/Irrlicht/Keycodes.h" />
		<Unit filename="include/Irrlicht/S3DVertex.h" />
		<Unit filename="include/Irrlicht/SAnimatedMesh.h" />
		<Unit filename="include/Irrlicht/SColor.h" />
		<Unit filename="include/Irrlicht/SExposedVideoData.h" />
		<Unit filename="include/Irrlicht/SIrrCreationParameters.h" />
		<Unit filename="include/Irrlicht/SKeyMap.h" />
		<Unit filename="include/Irrlicht/SLight.h" />
		<Unit filename="include/Irrlicht/SMaterial.h" />
		<Unit filename="include/Irrlicht/SMaterialLayer.h" />
		<Unit filename="include/Irrlicht/SMesh.h" />
		<Unit filename="include/Irrlicht/SMeshBuffer.h" />
		<Unit filename="include/Irrlicht/SMeshBufferLightMap.h" />
		<Unit filename="include/Irrlicht/SMeshBufferTangents.h" />
		<Unit filename="include/Irrlicht/SParticle.h" />
		<Unit filename="include/Irrlicht/SSharedMeshBuffer.h" />
		<Unit filename="include/Irrlicht/SSkinMeshBuffer.h" />
		<Unit filename="include/Irrlicht/SVertexIndex.h" />
		<Unit filename="include/Irrlicht/SVertexManipulator.h" />
		<Unit filename="include/Irrlicht/SViewFrustum.h" />
		<Unit filename="include/Irrlicht/SceneParameters.h" />
		<Unit filename="include/Irrlicht/aabbox3d.h" />
		<Unit filename="include/Irrlicht/coreutil.h" />
		<Unit filename="include/Irrlicht/dimension2d.h" />
		<Unit filename="include/Irrlicht/driverChoice.h" />
		<Unit filename="include/Irrlicht/fast_atof.h" />
		<Unit filename="include/Irrlicht/heapsort.h" />
		<Unit filename="include/Irrlicht/irrAllocator.h" />
		<Unit filename="include/Irrlicht/irrArray.h" />
		<Unit filename="include/Irrlicht/irrList.h" />
		<Unit filename="include/Irrlicht/irrMap.h" />
		<Unit filename="include/Irrlicht/irrMath.h" />
		<Unit filename="include/Irrlicht/irrString.h" />
		<Unit filename="include/Irrlicht/irrTypes.h" />
		<Unit filename="include/Irrlicht/irrXML.h" />
		<Unit filename="include/Irrlicht/irrlicht.h" />
		<Unit filename="include/Irrlicht/line2d.h" />
		<Unit filename="include/Irrlicht/line3d.h" />
		<Unit filename="include/Irrlicht/matrix4.h" />
		<Unit filename="include/Irrlicht/path.h" />
		<Unit filename="include/Irrlicht/plane3d.h" />
		<Unit filename="include/Irrlicht/position2d.h" />
		<Unit filename="include/Irrlicht/quaternion.h" />
		<Unit filename="include/Irrlicht/rect.h" />
		<Unit filename="include/Irrlicht/triangle3d.h" />
		<Unit filename="include/Irrlicht/vector2d.h" />
		<Unit filename="include/Irrlicht/vector3d.h" />
		<Unit filename="include/Painter.h" />
		<Unit filename="include/irrKlang/ik_ESoundEngineOptions.h" />
		<Unit filename="include/irrKlang/ik_ESoundOutputDrivers.h" />
		<Unit filename="include/irrKlang/ik_EStreamModes.h" />
		<Unit filename="include/irrKlang/ik_IAudioRecorder.h" />
		<Unit filename="include/irrKlang/ik_IAudioStream.h" />
		<Unit filename="include/irrKlang/ik_IAudioStreamLoader.h" />
		<Unit filename="include/irrKlang/ik_IFileFactory.h" />
		<Unit filename="include/irrKlang/ik_IFileReader.h" />
		<Unit filename="include/irrKlang/ik_IRefCounted.h" />
		<Unit filename="include/irrKlang/ik_ISound.h" />
		<Unit filename="include/irrKlang/ik_ISoundDeviceList.h" />
		<Unit filename="include/irrKlang/ik_ISoundEffectControl.h" />
		<Unit filename="include/irrKlang/ik_ISoundEngine.h" />
		<Unit filename="include/irrKlang/ik_ISoundMixedOutputReceiver.h" />
		<Unit filename="include/irrKlang/ik_ISoundSource.h" />
		<Unit filename="include/irrKlang/ik_ISoundStopEventReceiver.h" />
		<Unit filename="include/irrKlang/ik_IVirtualRefCounted.h" />
		<Unit filename="include/irrKlang/ik_SAudioStreamFormat.h" />
		<Unit filename="include/irrKlang/ik_irrKlangTypes.h" />
		<Unit filename="include/irrKlang/ik_vec3d.h" />
		<Unit filename="include/irrKlang/irrKlang.h" />
		<Unit filename="main.cpp" />
		<Unit filename="src/Input.cpp" />
		<Unit filename="src/Painter.cpp" />
		<Extensions>
			<code_completion />
			<debugger />
		</Extensions>
	</Project>
</CodeBlocks_project_file>
